{
  "version": 1,
  "dependencies": {
    ".NETStandard,Version=v2.1": {
      "Microsoft.AspNetCore.Components": {
        "type": "Direct",
        "requested": "[3.1.6, )",
        "resolved": "3.1.6",
        "contentHash": "mNBFDx5rbm5IHpMymGuDo9iGf9L4JWwE0Ho4wXQOdJRKhk7DhuebbIgWFcshsEmDqZPuaX1B4PkifJNDq/3KCw==",
        "dependencies": {
          "Microsoft.AspNetCore.Authorization": "3.1.6",
          "Microsoft.AspNetCore.Components.Analyzers": "3.1.6",
          "Microsoft.JSInterop": "3.1.6",
          "System.ComponentModel.Annotations": "4.7.0"
        }
      },
      "Microsoft.AspNetCore.Components.Web": {
        "type": "Direct",
        "requested": "[3.1.6, )",
        "resolved": "3.1.6",
        "contentHash": "u6xnpxIHf20aiJ+B2iyZKzsisc2aMkKV2JI/wRWov0M/6FLqLwtOsjRidtOAd5g3eJLYxE6fxOOC8KQqbYNjog==",
        "dependencies": {
          "Microsoft.AspNetCore.Components": "3.1.6",
          "Microsoft.AspNetCore.Components.Forms": "3.1.6",
          "Microsoft.Extensions.DependencyInjection": "3.1.6",
          "Microsoft.JSInterop": "3.1.6"
        }
      },
      "Microsoft.AspNetCore.Authorization": {
        "type": "Transitive",
        "resolved": "3.1.6",
        "contentHash": "n0EC0W8jRpM2o1sKKYQpFuvE1sgW7juyEbhVZPcHy9VnHyZYvcIBHVJ6aPCtwqf/16KyqIB1XDVjPnPgyui47Q==",
        "dependencies": {
          "Microsoft.AspNetCore.Metadata": "3.1.6",
          "Microsoft.Extensions.Logging.Abstractions": "3.1.6",
          "Microsoft.Extensions.Options": "3.1.6"
        }
      },
      "Microsoft.AspNetCore.Components.Analyzers": {
        "type": "Transitive",
        "resolved": "3.1.6",
        "contentHash": "uX+Dl3uPqlGmKBmQRn9QKfx0cgXXyfr9JF8aaBKgi+mexwyGEYFTMXleb9AHK9aofwwMivwfUHi/OmxgcB4YYw=="
      },
      "Microsoft.AspNetCore.Components.Forms": {
        "type": "Transitive",
        "resolved": "3.1.6",
        "contentHash": "ypqYTvv478N19dRTXsELjluHyW+/aASauBdLvVL4zbmA5BMMdQy69LKTcXXfgqhzC1N/KYusPoMPCasD1F7Fwg==",
        "dependencies": {
          "Microsoft.AspNetCore.Components": "3.1.6",
          "System.ComponentModel.Annotations": "4.7.0"
        }
      },
      "Microsoft.AspNetCore.Metadata": {
        "type": "Transitive",
        "resolved": "3.1.6",
        "contentHash": "CPD6ukxTPpvtm5GfAlgRbUPF7D+eo8K7rMVgL/kLrz4aTT6gb/c0uet2ISRIO615zIS2N52ZZwLcX9hmeQhVGg=="
      },
      "Microsoft.Bcl.AsyncInterfaces": {
        "type": "Transitive",
        "resolved": "1.1.0",
        "contentHash": "1Am6l4Vpn3/K32daEqZI+FFr96OlZkgwK2LcT3pZ2zWubR5zTPW3/FkO1Rat9kb7oQOa4rxgl9LJHc5tspCWfg==",
        "dependencies": {
          "System.Threading.Tasks.Extensions": "4.5.2"
        }
      },
      "Microsoft.Extensions.DependencyInjection": {
        "type": "Transitive",
        "resolved": "3.1.6",
        "contentHash": "YMJWflBmBc0PbqYvt3m4ueSCgV51JLfqHhyunoVq0rBs9V4sVQw5JsPTB17bIrlHFJs2pt2olgfavOOvuGwoRg==",
        "dependencies": {
          "Microsoft.Extensions.DependencyInjection.Abstractions": "3.1.6"
        }
      },
      "Microsoft.Extensions.DependencyInjection.Abstractions": {
        "type": "Transitive",
        "resolved": "3.1.6",
        "contentHash": "JVlypPjlPqOEyAhET6pA7TqrK+Ya8TrYe2vvqsp62TYKS87oNuReoS7XpDFW0rrOsQo66G1yYf3K0E+lJHFHuw=="
      },
      "Microsoft.Extensions.Logging.Abstractions": {
        "type": "Transitive",
        "resolved": "3.1.6",
        "contentHash": "o2XYIjF9UugupEPvFsc9N8SjevixoRznS0V6EtjUZcGV4EjXXWKUXlKKsIWmD3i4dSiGo82aNcyqfQTsF/8h8g=="
      },
      "Microsoft.Extensions.Options": {
        "type": "Transitive",
        "resolved": "3.1.6",
        "contentHash": "6nBkdL9UxCfA8eDuFBZVYAYpJhux0a6R7y58KcYnqKEYF84X9cK1uJQ9a+VWEWGXujMa4fnCGoVdKNYhANqbZg==",
        "dependencies": {
          "Microsoft.Extensions.DependencyInjection.Abstractions": "3.1.6",
          "Microsoft.Extensions.Primitives": "3.1.6",
          "System.ComponentModel.Annotations": "4.7.0"
        }
      },
      "Microsoft.Extensions.Primitives": {
        "type": "Transitive",
        "resolved": "3.1.6",
        "contentHash": "X+h3tO383iMbtFxYp6Al4pgBzbfQKJY8/gd4U7+sZy90XeSfnw5SwHyCiRrAePG6kee4zCGsvQHPCqaTZ876hw==",
        "dependencies": {
          "System.Memory": "4.5.2",
          "System.Runtime.CompilerServices.Unsafe": "4.7.1"
        }
      },
      "Microsoft.JSInterop": {
        "type": "Transitive",
        "resolved": "3.1.6",
        "contentHash": "k/AaZDugrwLO4gkLrPkFiWIzjC0BxPGF2yds6P6PYXNG4Jw/od3UZJrVSRLakQPDsnXLMDiyg7uGWtDI17FtSQ==",
        "dependencies": {
          "System.Text.Json": "4.7.2"
        }
      },
      "System.Buffers": {
        "type": "Transitive",
        "resolved": "4.5.1",
        "contentHash": "Rw7ijyl1qqRS0YQD/WycNst8hUUMgrMH4FCn1nNm27M4VxchZ1js3fVjQaANHO5f3sN4isvP4a+Met9Y4YomAg=="
      },
      "System.ComponentModel.Annotations": {
        "type": "Transitive",
        "resolved": "4.7.0",
        "contentHash": "0YFqjhp/mYkDGpU0Ye1GjE53HMp9UVfGN7seGpAMttAC0C40v5gw598jCgpbBLMmCo0E5YRLBv5Z2doypO49ZQ=="
      },
      "System.Memory": {
        "type": "Transitive",
        "resolved": "4.5.4",
        "contentHash": "1MbJTHS1lZ4bS4FmsJjnuGJOu88ZzTT2rLvrhW7Ygic+pC0NWA+3hgAen0HRdsocuQXCkUTdFn9yHJJhsijDXw==",
        "dependencies": {
          "System.Buffers": "4.5.1",
          "System.Numerics.Vectors": "4.4.0",
          "System.Runtime.CompilerServices.Unsafe": "4.5.3"
        }
      },
      "System.Numerics.Vectors": {
        "type": "Transitive",
        "resolved": "4.5.0",
        "contentHash": "QQTlPTl06J/iiDbJCiepZ4H//BVraReU4O4EoRw1U02H5TLUIT7xn3GnDp9AXPSlJUDyFs4uWjWafNX6WrAojQ=="
      },
      "System.Runtime.CompilerServices.Unsafe": {
        "type": "Transitive",
        "resolved": "4.7.1",
        "contentHash": "zOHkQmzPCn5zm/BH+cxC1XbUS3P4Yoi3xzW7eRgVpDR2tPGSzyMZ17Ig1iRkfJuY0nhxkQQde8pgePNiA7z7TQ=="
      },
      "System.Text.Encodings.Web": {
        "type": "Transitive",
        "resolved": "4.7.1",
        "contentHash": "3qreYFQcLnyFk1LuaNWyyWE+sfkfe5eSTaIIssYrLNUIDbgyZNQBYQSzSDo4AprpjVeVX2T4KHKii9fiSZVUow=="
      },
      "System.Text.Json": {
        "type": "Transitive",
        "resolved": "4.7.2",
        "contentHash": "TcMd95wcrubm9nHvJEQs70rC0H/8omiSGGpU4FQ/ZA1URIqD4pjmFJh2Mfv1yH1eHgJDWTi2hMDXwTET+zOOyg==",
        "dependencies": {
          "Microsoft.Bcl.AsyncInterfaces": "1.1.0",
          "System.Buffers": "4.5.1",
          "System.Memory": "4.5.4",
          "System.Numerics.Vectors": "4.5.0",
          "System.Runtime.CompilerServices.Unsafe": "4.7.1",
          "System.Text.Encodings.Web": "4.7.1",
          "System.Threading.Tasks.Extensions": "4.5.4"
        }
      },
      "System.Threading.Tasks.Extensions": {
        "type": "Transitive",
        "resolved": "4.5.4",
        "contentHash": "zteT+G8xuGu6mS+mzDzYXbzS7rd3K6Fjb9RiZlYlJPam2/hU7JCBZBVEcywNuR+oZ1ncTvc/cq0faRr3P01OVg==",
        "dependencies": {
          "System.Runtime.CompilerServices.Unsafe": "4.5.3"
        }
      }
    },
    "net6.0": {
      "Microsoft.AspNetCore.Components": {
        "type": "Direct",
        "requested": "[6.0.26, )",
        "resolved": "6.0.26",
        "contentHash": "EohoYGX+HmHUryK9vYarMPMxELMRVAUgjFea6BquUYdXSv11v4rdceOijPSUd7BUQF8icYfNaNxo300HzQ/RoQ==",
        "dependencies": {
          "Microsoft.AspNetCore.Authorization": "6.0.26",
          "Microsoft.AspNetCore.Components.Analyzers": "6.0.26"
        }
      },
      "Microsoft.AspNetCore.Components.Web": {
        "type": "Direct",
        "requested": "[6.0.26, )",
        "resolved": "6.0.26",
        "contentHash": "TI03nT8wExpmf6niPmkNDy7N0ACd7kZiFMzMbqHHm4ZkLLrMaM+e0VXGrYBwqqgdBPS62XhmENoUNVr6GD2IUg==",
        "dependencies": {
          "Microsoft.AspNetCore.Components": "6.0.26",
          "Microsoft.AspNetCore.Components.Forms": "6.0.26",
          "Microsoft.Extensions.DependencyInjection": "6.0.1",
          "Microsoft.JSInterop": "6.0.26",
          "System.IO.Pipelines": "6.0.3"
        }
      },
      "Microsoft.AspNetCore.Authorization": {
        "type": "Transitive",
        "resolved": "6.0.26",
        "contentHash": "oRPKc6GNNP4HhNOr+27B00FGhaj/LHdzLxx7gJVjt81v3bEXxVJbVjOnC2SmyFIB+2kAlpMhFJjh+3iewgQsLg==",
        "dependencies": {
          "Microsoft.AspNetCore.Metadata": "6.0.26",
          "Microsoft.Extensions.Logging.Abstractions": "6.0.4",
          "Microsoft.Extensions.Options": "6.0.0"
        }
      },
      "Microsoft.AspNetCore.Components.Analyzers": {
        "type": "Transitive",
        "resolved": "6.0.26",
        "contentHash": "MPvbaA8DLEKWlJG8PDF+Mzo0uEQgDRvpYZnkcQ0aDQpR2mID5GEYj12e0+ZRAMLlZLPvUBmDHqEYHfAx/5Py1Q=="
      },
      "Microsoft.AspNetCore.Components.Forms": {
        "type": "Transitive",
        "resolved": "6.0.26",
        "contentHash": "c0KnLi+iwSaFObRWnvW2o0zR64mLrpvmuFdc8Hfe3QaORpN8ts6sQgm2Ujbr07r0JjdeJmMnCQl6nPSk4DN1oQ==",
        "dependencies": {
          "Microsoft.AspNetCore.Components": "6.0.26"
        }
      },
      "Microsoft.AspNetCore.Metadata": {
        "type": "Transitive",
        "resolved": "6.0.26",
        "contentHash": "ni7QyUe+1WN/5oRfBm8J1igQwWOICoDv4p3wf+hy+VXF3qTcFt9JR17B63AsJVQDBW34G5fphH4QqqYJdnShPw=="
      },
      "Microsoft.Extensions.DependencyInjection": {
        "type": "Transitive",
        "resolved": "6.0.1",
        "contentHash": "vWXPg3HJQIpZkENn1KWq8SfbqVujVD7S7vIAyFXXqK5xkf1Vho+vG0bLBCHxU36lD1cLLtmGpfYf0B3MYFi9tQ==",
        "dependencies": {
          "Microsoft.Extensions.DependencyInjection.Abstractions": "6.0.0",
          "System.Runtime.CompilerServices.Unsafe": "6.0.0"
        }
      },
      "Microsoft.Extensions.DependencyInjection.Abstractions": {
        "type": "Transitive",
        "resolved": "6.0.0",
        "contentHash": "xlzi2IYREJH3/m6+lUrQlujzX8wDitm4QGnUu6kUXTQAWPuZY8i+ticFJbzfqaetLA6KR/rO6Ew/HuYD+bxifg=="
      },
      "Microsoft.Extensions.Logging.Abstractions": {
        "type": "Transitive",
        "resolved": "6.0.4",
        "contentHash": "K14wYgwOfKVELrUh5eBqlC8Wvo9vvhS3ZhIvcswV2uS/ubkTRPSQsN557EZiYUSSoZNxizG+alN4wjtdyLdcyw=="
      },
      "Microsoft.Extensions.Options": {
        "type": "Transitive",
        "resolved": "6.0.0",
        "contentHash": "dzXN0+V1AyjOe2xcJ86Qbo233KHuLEY0njf/P2Kw8SfJU+d45HNS2ctJdnEnrWbM9Ye2eFgaC5Mj9otRMU6IsQ==",
        "dependencies": {
          "Microsoft.Extensions.DependencyInjection.Abstractions": "6.0.0",
          "Microsoft.Extensions.Primitives": "6.0.0"
        }
      },
      "Microsoft.Extensions.Primitives": {
        "type": "Transitive",
        "resolved": "6.0.0",
        "contentHash": "9+PnzmQFfEFNR9J2aDTfJGGupShHjOuGw4VUv+JB044biSHrnmCIMD+mJHmb2H7YryrfBEXDurxQ47gJZdCKNQ==",
        "dependencies": {
          "System.Runtime.CompilerServices.Unsafe": "6.0.0"
        }
      },
      "Microsoft.JSInterop": {
        "type": "Transitive",
        "resolved": "6.0.26",
        "contentHash": "jvvwPbjtM7SEt7yPBYQse7kXRSXiPGdUxzNEh/urPtR/K4JIONu982lVAtirOjfodjMoYtKUnt5PseXNZRBBhA=="
      },
      "System.IO.Pipelines": {
        "type": "Transitive",
        "resolved": "6.0.3",
        "contentHash": "ryTgF+iFkpGZY1vRQhfCzX0xTdlV3pyaTTqRu2ETbEv+HlV7O6y7hyQURnghNIXvctl5DuZ//Dpks6HdL/Txgw=="
      },
      "System.Runtime.CompilerServices.Unsafe": {
        "type": "Transitive",
        "resolved": "6.0.0",
        "contentHash": "/iUeP3tq1S0XdNNoMz5C9twLSrM/TH+qElHkXWaPvuNOt+99G75NrV0OS2EqHx5wMN7popYjpc8oTjC1y16DLg=="
      }
    },
    "net7.0": {
      "Microsoft.AspNetCore.Components": {
        "type": "Direct",
        "requested": "[7.0.15, )",
        "resolved": "7.0.15",
        "contentHash": "OgXUjCTX8PDDZgTCLtePAbMTpo6YBHvXabWO6pCdFGeXa7t8f/J/Yjj+bPIiRzaa04DZX2Hd1FXHG6+WLKmXSw==",
        "dependencies": {
          "Microsoft.AspNetCore.Authorization": "7.0.15",
          "Microsoft.AspNetCore.Components.Analyzers": "7.0.15"
        }
      },
      "Microsoft.AspNetCore.Components.Web": {
        "type": "Direct",
        "requested": "[7.0.15, )",
        "resolved": "7.0.15",
        "contentHash": "NDJhVH8G2lmqiFLn9AoryN55khCH7AeMAIz816GWIChX52cnDBzpzDtYwhlHc55RdRg5p8OVq2d5q1JZhsXAKQ==",
        "dependencies": {
          "Microsoft.AspNetCore.Components": "7.0.15",
          "Microsoft.AspNetCore.Components.Forms": "7.0.15",
          "Microsoft.Extensions.DependencyInjection": "7.0.0",
          "Microsoft.JSInterop": "7.0.15",
          "System.IO.Pipelines": "7.0.0"
        }
      },
      "Microsoft.AspNetCore.Authorization": {
        "type": "Transitive",
        "resolved": "7.0.15",
        "contentHash": "EnxeDNeVPqdK2jkCktAVFgVYSlBRFVRK7BJ7YiHCqZ1nrYmWw/fDzVrykwN0gb4ws2JItTXSxae4zp6iyAknRw==",
        "dependencies": {
          "Microsoft.AspNetCore.Metadata": "7.0.15",
          "Microsoft.Extensions.Logging.Abstractions": "7.0.1",
          "Microsoft.Extensions.Options": "7.0.1"
        }
      },
      "Microsoft.AspNetCore.Components.Analyzers": {
        "type": "Transitive",
        "resolved": "7.0.15",
        "contentHash": "HSsLAB/njLOe/qBLiKeOhOb9i/eqn0wOOGkTj31HNbN1Z0Qa06fUvYbS8IAQgcZiVpBiZYeA7FpT5I2yuixV/A=="
      },
      "Microsoft.AspNetCore.Components.Forms": {
        "type": "Transitive",
        "resolved": "7.0.15",
        "contentHash": "tPfEKdQB00i46P4LlKQzK79+Ru6rqNz/knjZFPKAHYXEK1O7yimNgR2eds8c1KZdkxq4B/+9AKOZdQ0o0pKLRw==",
        "dependencies": {
          "Microsoft.AspNetCore.Components": "7.0.15"
        }
      },
      "Microsoft.AspNetCore.Metadata": {
        "type": "Transitive",
        "resolved": "7.0.15",
        "contentHash": "i7h/iVlUqNshiQ92TrgC2IuGOeU/qDZatD/YYuXgqh1uUclpyVWvxPDeugqVpqJNhE0gpOCM7cnqbyhCptOf0A=="
      },
      "Microsoft.Extensions.DependencyInjection": {
        "type": "Transitive",
        "resolved": "7.0.0",
        "contentHash": "elNeOmkeX3eDVG6pYVeV82p29hr+UKDaBhrZyWvWLw/EVZSYEkZlQdkp0V39k/Xehs2Qa0mvoCvkVj3eQxNQ1Q==",
        "dependencies": {
          "Microsoft.Extensions.DependencyInjection.Abstractions": "7.0.0"
        }
      },
      "Microsoft.Extensions.DependencyInjection.Abstractions": {
        "type": "Transitive",
        "resolved": "7.0.0",
        "contentHash": "h3j/QfmFN4S0w4C2A6X7arXij/M/OVw3uQHSOFxnND4DyAzO1F9eMX7Eti7lU/OkSthEE0WzRsfT/Dmx86jzCw=="
      },
      "Microsoft.Extensions.Logging.Abstractions": {
        "type": "Transitive",
        "resolved": "7.0.1",
        "contentHash": "pkeBFx0vqMW/A3aUVHh7MPu3WkBhaVlezhSZeb1c9XD0vUReYH1TLFSy5MxJgZfmz5LZzYoErMorlYZiwpOoNA=="
      },
      "Microsoft.Extensions.Options": {
        "type": "Transitive",
        "resolved": "7.0.1",
        "contentHash": "pZRDYdN1FpepOIfHU62QoBQ6zdAoTvnjxFfqAzEd9Jhb2dfhA5i6jeTdgGgcgTWFRC7oT0+3XrbQu4LjvgX1Nw==",
        "dependencies": {
          "Microsoft.Extensions.DependencyInjection.Abstractions": "7.0.0",
          "Microsoft.Extensions.Primitives": "7.0.0"
        }
      },
      "Microsoft.Extensions.Primitives": {
        "type": "Transitive",
        "resolved": "7.0.0",
        "contentHash": "um1KU5kxcRp3CNuI8o/GrZtD4AIOXDk+RLsytjZ9QPok3ttLUelLKpilVPuaFT3TFjOhSibUAso0odbOaCDj3Q=="
      },
      "Microsoft.JSInterop": {
        "type": "Transitive",
        "resolved": "7.0.15",
        "contentHash": "m9HZUzm2lzHy3RLkJDfNpfuKDJMy36zuAMRxgqDfb0W+y4wRb47mNpqmlq6B9ZsIfR/QcoLyhXSiNQoKDnHzZw=="
      },
      "System.IO.Pipelines": {
        "type": "Transitive",
        "resolved": "7.0.0",
        "contentHash": "jRn6JYnNPW6xgQazROBLSfpdoczRw694vO5kKvMcNnpXuolEixUyw6IBuBs2Y2mlSX/LdLvyyWmfXhaI3ND1Yg=="
      }
    },
    "net8.0": {
      "Microsoft.AspNetCore.Components": {
        "type": "Direct",
        "requested": "[8.0.10, )",
        "resolved": "8.0.10",
        "contentHash": "qTsPBcK6Z2Yyt+A5GPub9CiUxfmSIrNQ22BT8efzXiz50Vx0KKTsE82pxbipgGU9XNXZhEtYSNTqQFuWyRlIRw==",
        "dependencies": {
          "Microsoft.AspNetCore.Authorization": "8.0.10",
          "Microsoft.AspNetCore.Components.Analyzers": "8.0.10"
        }
      },
      "Microsoft.AspNetCore.Components.Web": {
        "type": "Direct",
        "requested": "[8.0.10, )",
        "resolved": "8.0.10",
        "contentHash": "gJa07Ni77Eoer/+3tocjnCzxfRcL0TJbKnzBP5auk/cxO5nxzJEHuTADX8gAzlyuLvdrnrtfqRAhR66MGkHmww==",
        "dependencies": {
          "Microsoft.AspNetCore.Components": "8.0.10",
          "Microsoft.AspNetCore.Components.Forms": "8.0.10",
          "Microsoft.Extensions.DependencyInjection": "8.0.1",
          "Microsoft.Extensions.Primitives": "8.0.0",
          "Microsoft.JSInterop": "8.0.10",
          "System.IO.Pipelines": "8.0.0"
        }
      },
      "Microsoft.AspNetCore.Authorization": {
        "type": "Transitive",
        "resolved": "8.0.10",
        "contentHash": "mENBehQP1H9oTB4Diu1l7vR1BeZrBNWA9sHZsln4l2oIs7D3qH3fokopU/8FWa9JSxQYNBT1MeYBCwguYOBjMQ==",
        "dependencies": {
          "Microsoft.AspNetCore.Metadata": "8.0.10",
          "Microsoft.Extensions.Logging.Abstractions": "8.0.2",
          "Microsoft.Extensions.Options": "8.0.2"
        }
      },
      "Microsoft.AspNetCore.Components.Analyzers": {
        "type": "Transitive",
        "resolved": "8.0.10",
        "contentHash": "czb81hXe2a+w1py/U2MrO3aSb0Ht0r1/I+4vJucjTZwbhHtGubneifS3h05DB6CakT8dgKyS0eypQaLuDKkWtQ=="
      },
      "Microsoft.AspNetCore.Components.Forms": {
        "type": "Transitive",
        "resolved": "8.0.10",
        "contentHash": "YOdsdG/da7xc5uA0dRIe8qUz1rVbbptnYA2CrsxPNka3Nv7Sbh3rArlACGWPBkST3qTRollCx4dLEXpwg/6eEw==",
        "dependencies": {
          "Microsoft.AspNetCore.Components": "8.0.10"
        }
      },
      "Microsoft.AspNetCore.Metadata": {
        "type": "Transitive",
        "resolved": "8.0.10",
        "contentHash": "E9YwEujZjXhMLi1hqJh+7iLk2DzNxa4dB9wYY8lHYpAzZdVqoGjaFsaaIzwCvSZZxd7S7Cds01Trlye2mTqeZA=="
      },
      "Microsoft.Extensions.DependencyInjection": {
        "type": "Transitive",
        "resolved": "8.0.1",
        "contentHash": "BmANAnR5Xd4Oqw7yQ75xOAYODybZQRzdeNucg7kS5wWKd2PNnMdYtJ2Vciy0QLylRmv42DGl5+AFL9izA6F1Rw==",
        "dependencies": {
          "Microsoft.Extensions.DependencyInjection.Abstractions": "8.0.2"
        }
      },
      "Microsoft.Extensions.DependencyInjection.Abstractions": {
        "type": "Transitive",
        "resolved": "8.0.2",
        "contentHash": "3iE7UF7MQkCv1cxzCahz+Y/guQbTqieyxyaWKhrRO91itI9cOKO76OHeQDahqG4MmW5umr3CcCvGmK92lWNlbg=="
      },
      "Microsoft.Extensions.Logging.Abstractions": {
        "type": "Transitive",
        "resolved": "8.0.2",
        "contentHash": "nroMDjS7hNBPtkZqVBbSiQaQjWRDxITI8Y7XnDs97rqG3EbzVTNLZQf7bIeUJcaHOV8bca47s1Uxq94+2oGdxA==",
        "dependencies": {
          "Microsoft.Extensions.DependencyInjection.Abstractions": "8.0.2"
        }
      },
      "Microsoft.Extensions.Options": {
        "type": "Transitive",
        "resolved": "8.0.2",
        "contentHash": "dWGKvhFybsaZpGmzkGCbNNwBD1rVlWzrZKANLW/CcbFJpCEceMCGzT7zZwHOGBCbwM0SzBuceMj5HN1LKV1QqA==",
        "dependencies": {
          "Microsoft.Extensions.DependencyInjection.Abstractions": "8.0.0",
          "Microsoft.Extensions.Primitives": "8.0.0"
        }
      },
      "Microsoft.Extensions.Primitives": {
        "type": "Transitive",
        "resolved": "8.0.0",
        "contentHash": "bXJEZrW9ny8vjMF1JV253WeLhpEVzFo1lyaZu1vQ4ZxWUlVvknZ/+ftFgVheLubb4eZPSwwxBeqS1JkCOjxd8g=="
      },
      "Microsoft.JSInterop": {
        "type": "Transitive",
        "resolved": "8.0.10",
        "contentHash": "VxiFlNValVtpRQomua6h1FOUBK0fiyQbNIh+PMRs9DMHczOHIZpLJmm5LO5h9voBXjW+V/cUE8aNH2GcWps40A=="
      },
      "System.IO.Pipelines": {
        "type": "Transitive",
        "resolved": "8.0.0",
        "contentHash": "FHNOatmUq0sqJOkTx+UF/9YK1f180cnW5FVqnQMvYUN0elp6wFzbtPSiqbo1/ru8ICp43JM1i7kKkk6GsNGHlA=="
      }
    }
  }
}